
Microsoft Visual Studio Solution File, Format Version 12.00
# Visual Studio Version 17
VisualStudioVersion = 17.8.34601.278
MinimumVisualStudioVersion = 10.0.40219.1
Project("{FAE04EC0-301F-11D3-BF4B-00C04F79EFBC}") = "Delegate#2", "Delegate#2\Delegate#2.csproj", "{33159E95-1495-479A-9A48-1E32C5D07626}"
EndProject
Global
	GlobalSection(SolutionConfigurationPlatforms) = preSolution
		Debug|Any CPU = Debug|Any CPU
		Release|Any CPU = Release|Any CPU
	EndGlobalSection
	GlobalSection(ProjectConfigurationPlatforms) = postSolution
		{33159E95-1495-479A-9A48-1E32C5D07626}.Debug|Any CPU.ActiveCfg = Debug|Any CPU
		{33159E95-1495-479A-9A48-1E32C5D07626}.Debug|Any CPU.Build.0 = Debug|Any CPU
		{33159E95-1495-479A-9A48-1E32C5D07626}.Release|Any CPU.ActiveCfg = Release|Any CPU
		{33159E95-1495-479A-9A48-1E32C5D07626}.Release|Any CPU.Build.0 = Release|Any CPU
	EndGlobalSection
	GlobalSection(SolutionProperties) = preSolution
		HideSolutionNode = FALSE
	EndGlobalSection
	GlobalSection(ExtensibilityGlobals) = postSolution
		SolutionGuid = {ABF794E3-829E-4786-A467-AA36179CE1EF}
	EndGlobalSection
EndGlobal
